// !$*UTF8*$!
{
	archiveVersion = 1;
	classes = {
	};
	objectVersion = 56;
	objects = {

/* Begin PBXBuildFile section */
		215A43AB296009D1001C4C68 /* AppDelegate.swift in Sources */ = {isa = PBXBuildFile; fileRef = 215A43AA296009D1001C4C68 /* AppDelegate.swift */; };
		215A43AD296009D1001C4C68 /* SceneDelegate.swift in Sources */ = {isa = PBXBuildFile; fileRef = 215A43AC296009D1001C4C68 /* SceneDelegate.swift */; };
		215A43AF296009D1001C4C68 /* ViewController.swift in Sources */ = {isa = PBXBuildFile; fileRef = 215A43AE296009D1001C4C68 /* ViewController.swift */; };
		215A43B2296009D1001C4C68 /* Main.storyboard in Resources */ = {isa = PBXBuildFile; fileRef = 215A43B0296009D1001C4C68 /* Main.storyboard */; };
		215A43B4296009D1001C4C68 /* Assets.xcassets in Resources */ = {isa = PBXBuildFile; fileRef = 215A43B3296009D1001C4C68 /* Assets.xcassets */; };
		215A43B7296009D1001C4C68 /* LaunchScreen.storyboard in Resources */ = {isa = PBXBuildFile; fileRef = 215A43B5296009D1001C4C68 /* LaunchScreen.storyboard */; };
		215A43BF296017DE001C4C68 /* GoogleService-Info.plist in Resources */ = {isa = PBXBuildFile; fileRef = 215A43BE296017DE001C4C68 /* GoogleService-Info.plist */; };
		215A43C229601955001C4C68 /* FirebaseAuth in Frameworks */ = {isa = PBXBuildFile; productRef = 215A43C129601955001C4C68 /* FirebaseAuth */; };
		215A43C429601955001C4C68 /* FirebaseAuthCombine-Community in Frameworks */ = {isa = PBXBuildFile; productRef = 215A43C329601955001C4C68 /* FirebaseAuthCombine-Community */; };
		215A43C629601955001C4C68 /* FirebaseFirestore in Frameworks */ = {isa = PBXBuildFile; productRef = 215A43C529601955001C4C68 /* FirebaseFirestore */; };
		215A43C829601955001C4C68 /* FirebaseFirestoreCombine-Community in Frameworks */ = {isa = PBXBuildFile; productRef = 215A43C729601955001C4C68 /* FirebaseFirestoreCombine-Community */; };
		215A43CA29601955001C4C68 /* FirebaseFirestoreSwift in Frameworks */ = {isa = PBXBuildFile; productRef = 215A43C929601955001C4C68 /* FirebaseFirestoreSwift */; };
		215A43CC29601955001C4C68 /* FirebaseStorage in Frameworks */ = {isa = PBXBuildFile; productRef = 215A43CB29601955001C4C68 /* FirebaseStorage */; };
		215A43CE29601955001C4C68 /* FirebaseStorageCombine-Community in Frameworks */ = {isa = PBXBuildFile; productRef = 215A43CD29601955001C4C68 /* FirebaseStorageCombine-Community */; };
		215A43D029601C4C001C4C68 /* AuthHelper.swift in Sources */ = {isa = PBXBuildFile; fileRef = 215A43CF29601C4C001C4C68 /* AuthHelper.swift */; };
		215A43D229603291001C4C68 /* CreatAccountView.swift in Sources */ = {isa = PBXBuildFile; fileRef = 215A43D129603291001C4C68 /* CreatAccountView.swift */; };
		215A43D429613C5C001C4C68 /* LoginView.swift in Sources */ = {isa = PBXBuildFile; fileRef = 215A43D329613C5C001C4C68 /* LoginView.swift */; };
		215A43D629614C8F001C4C68 /* DatabaseHelper.swift in Sources */ = {isa = PBXBuildFile; fileRef = 215A43D529614C8F001C4C68 /* DatabaseHelper.swift */; };
		215A43D829615A85001C4C68 /* CustomView.swift in Sources */ = {isa = PBXBuildFile; fileRef = 215A43D729615A85001C4C68 /* CustomView.swift */; };
		219D903B2961DE2F00EAF5D7 /* addFriendView.swift in Sources */ = {isa = PBXBuildFile; fileRef = 219D903A2961DE2F00EAF5D7 /* addFriendView.swift */; };
		219D903D2961F88000EAF5D7 /* QRScanner.swift in Sources */ = {isa = PBXBuildFile; fileRef = 219D903C2961F88000EAF5D7 /* QRScanner.swift */; };
		219D903F2962A86B00EAF5D7 /* ChatView.swift in Sources */ = {isa = PBXBuildFile; fileRef = 219D903E2962A86B00EAF5D7 /* ChatView.swift */; };
		219D90412962B40900EAF5D7 /* InputView.xib in Resources */ = {isa = PBXBuildFile; fileRef = 219D90402962B40900EAF5D7 /* InputView.xib */; };
		EFCF40664113B55D553131F4 /* Pods_ChatApp.framework in Frameworks */ = {isa = PBXBuildFile; fileRef = 8350541C48F66AD4F15261D4 /* Pods_ChatApp.framework */; };
/* End PBXBuildFile section */

/* Begin PBXFileReference section */
		215A43AA296009D1001C4C68 /* AppDelegate.swift */ = {isa = PBXFileReference; lastKnownFileType = sourcecode.swift; path = AppDelegate.swift; sourceTree = "<group>"; };
		215A43AC296009D1001C4C68 /* SceneDelegate.swift */ = {isa = PBXFileReference; lastKnownFileType = sourcecode.swift; path = SceneDelegate.swift; sourceTree = "<group>"; };
		215A43AE296009D1001C4C68 /* ViewController.swift */ = {isa = PBXFileReference; lastKnownFileType = sourcecode.swift; path = ViewController.swift; sourceTree = "<group>"; };
		215A43B1296009D1001C4C68 /* Base */ = {isa = PBXFileReference; lastKnownFileType = file.storyboard; name = Base; path = Base.lproj/Main.storyboard; sourceTree = "<group>"; };
		215A43B3296009D1001C4C68 /* Assets.xcassets */ = {isa = PBXFileReference; lastKnownFileType = folder.assetcatalog; path = Assets.xcassets; sourceTree = "<group>"; };
		215A43B6296009D1001C4C68 /* Base */ = {isa = PBXFileReference; lastKnownFileType = file.storyboard; name = Base; path = Base.lproj/LaunchScreen.storyboard; sourceTree = "<group>"; };
		215A43B8296009D1001C4C68 /* Info.plist */ = {isa = PBXFileReference; lastKnownFileType = text.plist.xml; path = Info.plist; sourceTree = "<group>"; };
		215A43BE296017DE001C4C68 /* GoogleService-Info.plist */ = {isa = PBXFileReference; fileEncoding = 4; lastKnownFileType = text.plist.xml; path = "GoogleService-Info.plist"; sourceTree = "<group>"; };
		215A43CF29601C4C001C4C68 /* AuthHelper.swift */ = {isa = PBXFileReference; lastKnownFileType = sourcecode.swift; path = AuthHelper.swift; sourceTree = "<group>"; };
		215A43D129603291001C4C68 /* CreatAccountView.swift */ = {isa = PBXFileReference; lastKnownFileType = sourcecode.swift; path = CreatAccountView.swift; sourceTree = "<group>"; wrapsLines = 1; };
		215A43D329613C5C001C4C68 /* LoginView.swift */ = {isa = PBXFileReference; lastKnownFileType = sourcecode.swift; path = LoginView.swift; sourceTree = "<group>"; };
		215A43D529614C8F001C4C68 /* DatabaseHelper.swift */ = {isa = PBXFileReference; lastKnownFileType = sourcecode.swift; path = DatabaseHelper.swift; sourceTree = "<group>"; };
		215A43D729615A85001C4C68 /* CustomView.swift */ = {isa = PBXFileReference; lastKnownFileType = sourcecode.swift; path = CustomView.swift; sourceTree = "<group>"; };
		217B5C0B296334670050BE00 /* ChatApp.app */ = {isa = PBXFileReference; explicitFileType = wrapper.application; includeInIndex = 0; name = ChatApp.app; path = "/Users/shimadasusumutarou/Documents/ChatApp/build/Debug-iphoneos/ChatApp.app"; sourceTree = "<absolute>"; };
		219D903A2961DE2F00EAF5D7 /* addFriendView.swift */ = {isa = PBXFileReference; lastKnownFileType = sourcecode.swift; path = addFriendView.swift; sourceTree = "<group>"; };
		219D903C2961F88000EAF5D7 /* QRScanner.swift */ = {isa = PBXFileReference; lastKnownFileType = sourcecode.swift; path = QRScanner.swift; sourceTree = "<group>"; };
		219D903E2962A86B00EAF5D7 /* ChatView.swift */ = {isa = PBXFileReference; lastKnownFileType = sourcecode.swift; path = ChatView.swift; sourceTree = "<group>"; };
		219D90402962B40900EAF5D7 /* InputView.xib */ = {isa = PBXFileReference; lastKnownFileType = file.xib; path = InputView.xib; sourceTree = "<group>"; };
		8350541C48F66AD4F15261D4 /* Pods_ChatApp.framework */ = {isa = PBXFileReference; explicitFileType = wrapper.framework; includeInIndex = 0; path = Pods_ChatApp.framework; sourceTree = BUILT_PRODUCTS_DIR; };
		C1B5328B52ED805C6F73E96E /* Pods-ChatApp.release.xcconfig */ = {isa = PBXFileReference; includeInIndex = 1; lastKnownFileType = text.xcconfig; name = "Pods-ChatApp.release.xcconfig"; path = "Target Support Files/Pods-ChatApp/Pods-ChatApp.release.xcconfig"; sourceTree = "<group>"; };
		C2509B64A7D6C2FE6D5DF598 /* Pods-ChatApp.debug.xcconfig */ = {isa = PBXFileReference; includeInIndex = 1; lastKnownFileType = text.xcconfig; name = "Pods-ChatApp.debug.xcconfig"; path = "Target Support Files/Pods-ChatApp/Pods-ChatApp.debug.xcconfig"; sourceTree = "<group>"; };
/* End PBXFileReference section */

/* Begin PBXFrameworksBuildPhase section */
		215A43A4296009D1001C4C68 /* Frameworks */ = {
			isa = PBXFrameworksBuildPhase;
			buildActionMask = 2147483647;
			files = (
				215A43CA29601955001C4C68 /* FirebaseFirestoreSwift in Frameworks */,
				215A43CE29601955001C4C68 /* FirebaseStorageCombine-Community in Frameworks */,
				215A43C229601955001C4C68 /* FirebaseAuth in Frameworks */,
				215A43C829601955001C4C68 /* FirebaseFirestoreCombine-Community in Frameworks */,
				215A43C429601955001C4C68 /* FirebaseAuthCombine-Community in Frameworks */,
				215A43C629601955001C4C68 /* FirebaseFirestore in Frameworks */,
				215A43CC29601955001C4C68 /* FirebaseStorage in Frameworks */,
				EFCF40664113B55D553131F4 /* Pods_ChatApp.framework in Frameworks */,
			);
			runOnlyForDeploymentPostprocessing = 0;
		};
/* End PBXFrameworksBuildPhase section */

/* Begin PBXGroup section */
		215A439E296009D1001C4C68 = {
			isa = PBXGroup;
			children = (
				215A43A9296009D1001C4C68 /* ChatApp */,
				DD98E660004B1B583705C19E /* Pods */,
				C764B3E56C76C8BBF91F5C46 /* Frameworks */,
			);
			sourceTree = "<group>";
		};
		215A43A9296009D1001C4C68 /* ChatApp */ = {
			isa = PBXGroup;
			children = (
				215A43AA296009D1001C4C68 /* AppDelegate.swift */,
				215A43AC296009D1001C4C68 /* SceneDelegate.swift */,
				215A43AE296009D1001C4C68 /* ViewController.swift */,
				215A43B0296009D1001C4C68 /* Main.storyboard */,
				215A43B3296009D1001C4C68 /* Assets.xcassets */,
				215A43B5296009D1001C4C68 /* LaunchScreen.storyboard */,
				215A43BE296017DE001C4C68 /* GoogleService-Info.plist */,
				215A43B8296009D1001C4C68 /* Info.plist */,
				215A43CF29601C4C001C4C68 /* AuthHelper.swift */,
				215A43D129603291001C4C68 /* CreatAccountView.swift */,
				215A43D329613C5C001C4C68 /* LoginView.swift */,
				215A43D529614C8F001C4C68 /* DatabaseHelper.swift */,
				215A43D729615A85001C4C68 /* CustomView.swift */,
				219D903A2961DE2F00EAF5D7 /* addFriendView.swift */,
				219D903C2961F88000EAF5D7 /* QRScanner.swift */,
				219D903E2962A86B00EAF5D7 /* ChatView.swift */,
				219D90402962B40900EAF5D7 /* InputView.xib */,
			);
			path = ChatApp;
			sourceTree = "<group>";
		};
		C764B3E56C76C8BBF91F5C46 /* Frameworks */ = {
			isa = PBXGroup;
			children = (
				8350541C48F66AD4F15261D4 /* Pods_ChatApp.framework */,
			);
			name = Frameworks;
			sourceTree = "<group>";
		};
		DD98E660004B1B583705C19E /* Pods */ = {
			isa = PBXGroup;
			children = (
				C2509B64A7D6C2FE6D5DF598 /* Pods-ChatApp.debug.xcconfig */,
				C1B5328B52ED805C6F73E96E /* Pods-ChatApp.release.xcconfig */,
			);
			name = Pods;
			path = Pods;
			sourceTree = "<group>";
		};
/* End PBXGroup section */

/* Begin PBXNativeTarget section */
		215A43A6296009D1001C4C68 /* ChatApp */ = {
			isa = PBXNativeTarget;
			buildConfigurationList = 215A43BB296009D1001C4C68 /* Build configuration list for PBXNativeTarget "ChatApp" */;
			buildPhases = (
				50390268DA8E9CE7E09B342D /* [CP] Check Pods Manifest.lock */,
				215A43A3296009D1001C4C68 /* Sources */,
				215A43A4296009D1001C4C68 /* Frameworks */,
				215A43A5296009D1001C4C68 /* Resources */,
				14C361CD6E2F588EF8F5984E /* [CP] Embed Pods Frameworks */,
			);
			buildRules = (
			);
			dependencies = (
			);
			name = ChatApp;
			packageProductDependencies = (
				215A43C129601955001C4C68 /* FirebaseAuth */,
				215A43C329601955001C4C68 /* FirebaseAuthCombine-Community */,
				215A43C529601955001C4C68 /* FirebaseFirestore */,
				215A43C729601955001C4C68 /* FirebaseFirestoreCombine-Community */,
				215A43C929601955001C4C68 /* FirebaseFirestoreSwift */,
				215A43CB29601955001C4C68 /* FirebaseStorage */,
				215A43CD29601955001C4C68 /* FirebaseStorageCombine-Community */,
			);
			productName = ChatApp;
			productReference = 217B5C0B296334670050BE00 /* ChatApp.app */;
			productType = "com.apple.product-type.application";
		};
/* End PBXNativeTarget section */

/* Begin PBXProject section */
		215A439F296009D1001C4C68 /* Project object */ = {
			isa = PBXProject;
			attributes = {
				BuildIndependentTargetsInParallel = 1;
				LastSwiftUpdateCheck = 1410;
				LastUpgradeCheck = 1410;
				TargetAttributes = {
					215A43A6296009D1001C4C68 = {
						CreatedOnToolsVersion = 14.1;
					};
				};
			};
			buildConfigurationList = 215A43A2296009D1001C4C68 /* Build configuration list for PBXProject "ChatApp" */;
			compatibilityVersion = "Xcode 14.0";
			developmentRegion = en;
			hasScannedForEncodings = 0;
			knownRegions = (
				en,
				Base,
			);
			mainGroup = 215A439E296009D1001C4C68;
			packageReferences = (
				215A43C029601955001C4C68 /* XCRemoteSwiftPackageReference "firebase-ios-sdk" */,
			);
			productRefGroup = 215A439E296009D1001C4C68;
			projectDirPath = "";
			projectRoot = "";
			targets = (
				215A43A6296009D1001C4C68 /* ChatApp */,
			);
		};
/* End PBXProject section */

/* Begin PBXResourcesBuildPhase section */
		215A43A5296009D1001C4C68 /* Resources */ = {
			isa = PBXResourcesBuildPhase;
			buildActionMask = 2147483647;
			files = (
				219D90412962B40900EAF5D7 /* InputView.xib in Resources */,
				215A43B7296009D1001C4C68 /* LaunchScreen.storyboard in Resources */,
				215A43BF296017DE001C4C68 /* GoogleService-Info.plist in Resources */,
				215A43B4296009D1001C4C68 /* Assets.xcassets in Resources */,
				215A43B2296009D1001C4C68 /* Main.storyboard in Resources */,
			);
			runOnlyForDeploymentPostprocessing = 0;
		};
/* End PBXResourcesBuildPhase section */

/* Begin PBXShellScriptBuildPhase section */
		14C361CD6E2F588EF8F5984E /* [CP] Embed Pods Frameworks */ = {
			isa = PBXShellScriptBuildPhase;
			buildActionMask = 2147483647;
			files = (
			);
			inputFileListPaths = (
				"${PODS_ROOT}/Target Support Files/Pods-ChatApp/Pods-ChatApp-frameworks-${CONFIGURATION}-input-files.xcfilelist",
			);
			name = "[CP] Embed Pods Frameworks";
			outputFileListPaths = (
				"${PODS_ROOT}/Target Support Files/Pods-ChatApp/Pods-ChatApp-frameworks-${CONFIGURATION}-output-files.xcfilelist",
			);
			runOnlyForDeploymentPostprocessing = 0;
			shellPath = /bin/sh;
			shellScript = "\"${PODS_ROOT}/Target Support Files/Pods-ChatApp/Pods-ChatApp-frameworks.sh\"\n";
			showEnvVarsInLog = 0;
		};
		50390268DA8E9CE7E09B342D /* [CP] Check Pods Manifest.lock */ = {
			isa = PBXShellScriptBuildPhase;
			buildActionMask = 2147483647;
			files = (
			);
			inputFileListPaths = (
			);
			inputPaths = (
				"${PODS_PODFILE_DIR_PATH}/Podfile.lock",
				"${PODS_ROOT}/Manifest.lock",
			);
			name = "[CP] Check Pods Manifest.lock";
			outputFileListPaths = (
			);
			outputPaths = (
				"$(DERIVED_FILE_DIR)/Pods-ChatApp-checkManifestLockResult.txt",
			);
			runOnlyForDeploymentPostprocessing = 0;
			shellPath = /bin/sh;
			shellScript = "diff \"${PODS_PODFILE_DIR_PATH}/Podfile.lock\" \"${PODS_ROOT}/Manifest.lock\" > /dev/null\nif [ $? != 0 ] ; then\n    # print error to STDERR\n    echo \"error: The sandbox is not in sync with the Podfile.lock. Run 'pod install' or update your CocoaPods installation.\" >&2\n    exit 1\nfi\n# This output is used by Xcode 'outputs' to avoid re-running this script phase.\necho \"SUCCESS\" > \"${SCRIPT_OUTPUT_FILE_0}\"\n";
			showEnvVarsInLog = 0;
		};
/* End PBXShellScriptBuildPhase section */

/* Begin PBXSourcesBuildPhase section */
		215A43A3296009D1001C4C68 /* Sources */ = {
			isa = PBXSourcesBuildPhase;
			buildActionMask = 2147483647;
			files = (
				215A43D429613C5C001C4C68 /* LoginView.swift in Sources */,
				215A43D829615A85001C4C68 /* CustomView.swift in Sources */,
				215A43AF296009D1001C4C68 /* ViewController.swift in Sources */,
				215A43D029601C4C001C4C68 /* AuthHelper.swift in Sources */,
				219D903F2962A86B00EAF5D7 /* ChatView.swift in Sources */,
				215A43D629614C8F001C4C68 /* DatabaseHelper.swift in Sources */,
				219D903B2961DE2F00EAF5D7 /* addFriendView.swift in Sources */,
				215A43AB296009D1001C4C68 /* AppDelegate.swift in Sources */,
				215A43D229603291001C4C68 /* CreatAccountView.swift in Sources */,
				215A43AD296009D1001C4C68 /* SceneDelegate.swift in Sources */,
				219D903D2961F88000EAF5D7 /* QRScanner.swift in Sources */,
			);
			runOnlyForDeploymentPostprocessing = 0;
		};
/* End PBXSourcesBuildPhase section */

/* Begin PBXVariantGroup section */
		215A43B0296009D1001C4C68 /* Main.storyboard */ = {
			isa = PBXVariantGroup;
			children = (
				215A43B1296009D1001C4C68 /* Base */,
			);
			name = Main.storyboard;
			sourceTree = "<group>";
		};
		215A43B5296009D1001C4C68 /* LaunchScreen.storyboard */ = {
			isa = PBXVariantGroup;
			children = (
				215A43B6296009D1001C4C68 /* Base */,
			);
			name = LaunchScreen.storyboard;
			sourceTree = "<group>";
		};
/* End PBXVariantGroup section */

/* Begin XCBuildConfiguration section */
		215A43B9296009D1001C4C68 /* Debug */ = {
			isa = XCBuildConfiguration;
			buildSettings = {
				ALWAYS_SEARCH_USER_PATHS = NO;
				CLANG_ANALYZER_NONNULL = YES;
				CLANG_ANALYZER_NUMBER_OBJECT_CONVERSION = YES_AGGRESSIVE;
				CLANG_CXX_LANGUAGE_STANDARD = "gnu++20";
				CLANG_ENABLE_MODULES = YES;
				CLANG_ENABLE_OBJC_ARC = YES;
				CLANG_ENABLE_OBJC_WEAK = YES;
				CLANG_WARN_BLOCK_CAPTURE_AUTORELEASING = YES;
				CLANG_WARN_BOOL_CONVERSION = YES;
				CLANG_WARN_COMMA = YES;
				CLANG_WARN_CONSTANT_CONVERSION = YES;
				CLANG_WARN_DEPRECATED_OBJC_IMPLEMENTATIONS = YES;
				CLANG_WARN_DIRECT_OBJC_ISA_USAGE = YES_ERROR;
				CLANG_WARN_DOCUMENTATION_COMMENTS = YES;
				CLANG_WARN_EMPTY_BODY = YES;
				CLANG_WARN_ENUM_CONVERSION = YES;
				CLANG_WARN_INFINITE_RECURSION = YES;
				CLANG_WARN_INT_CONVERSION = YES;
				CLANG_WARN_NON_LITERAL_NULL_CONVERSION = YES;
				CLANG_WARN_OBJC_IMPLICIT_RETAIN_SELF = YES;
				CLANG_WARN_OBJC_LITERAL_CONVERSION = YES;
				CLANG_WARN_OBJC_ROOT_CLASS = YES_ERROR;
				CLANG_WARN_QUOTED_INCLUDE_IN_FRAMEWORK_HEADER = YES;
				CLANG_WARN_RANGE_LOOP_ANALYSIS = YES;
				CLANG_WARN_STRICT_PROTOTYPES = YES;
				CLANG_WARN_SUSPICIOUS_MOVE = YES;
				CLANG_WARN_UNGUARDED_AVAILABILITY = YES_AGGRESSIVE;
				CLANG_WARN_UNREACHABLE_CODE = YES;
				CLANG_WARN__DUPLICATE_METHOD_MATCH = YES;
				COPY_PHASE_STRIP = NO;
				DEBUG_INFORMATION_FORMAT = dwarf;
				ENABLE_STRICT_OBJC_MSGSEND = YES;
				ENABLE_TESTABILITY = YES;
				GCC_C_LANGUAGE_STANDARD = gnu11;
				GCC_DYNAMIC_NO_PIC = NO;
				GCC_NO_COMMON_BLOCKS = YES;
				GCC_OPTIMIZATION_LEVEL = 0;
				GCC_PREPROCESSOR_DEFINITIONS = (
					"DEBUG=1",
					"$(inherited)",
				);
				GCC_WARN_64_TO_32_BIT_CONVERSION = YES;
				GCC_WARN_ABOUT_RETURN_TYPE = YES_ERROR;
				GCC_WARN_UNDECLARED_SELECTOR = YES;
				GCC_WARN_UNINITIALIZED_AUTOS = YES_AGGRESSIVE;
				GCC_WARN_UNUSED_FUNCTION = YES;
				GCC_WARN_UNUSED_VARIABLE = YES;
				IPHONEOS_DEPLOYMENT_TARGET = 16.1;
				MTL_ENABLE_DEBUG_INFO = INCLUDE_SOURCE;
				MTL_FAST_MATH = YES;
				ONLY_ACTIVE_ARCH = YES;
				SDKROOT = iphoneos;
				SWIFT_ACTIVE_COMPILATION_CONDITIONS = DEBUG;
				SWIFT_OPTIMIZATION_LEVEL = "-Onone";
			};
			name = Debug;
		};
		215A43BA296009D1001C4C68 /* Release */ = {
			isa = XCBuildConfiguration;
			buildSettings = {
				ALWAYS_SEARCH_USER_PATHS = NO;
				CLANG_ANALYZER_NONNULL = YES;
				CLANG_ANALYZER_NUMBER_OBJECT_CONVERSION = YES_AGGRESSIVE;
				CLANG_CXX_LANGUAGE_STANDARD = "gnu++20";
				CLANG_ENABLE_MODULES = YES;
				CLANG_ENABLE_OBJC_ARC = YES;
				CLANG_ENABLE_OBJC_WEAK = YES;
				CLANG_WARN_BLOCK_CAPTURE_AUTORELEASING = YES;
				CLANG_WARN_BOOL_CONVERSION = YES;
				CLANG_WARN_COMMA = YES;
				CLANG_WARN_CONSTANT_CONVERSION = YES;
				CLANG_WARN_DEPRECATED_OBJC_IMPLEMENTATIONS = YES;
				CLANG_WARN_DIRECT_OBJC_ISA_USAGE = YES_ERROR;
				CLANG_WARN_DOCUMENTATION_COMMENTS = YES;
				CLANG_WARN_EMPTY_BODY = YES;
				CLANG_WARN_ENUM_CONVERSION = YES;
				CLANG_WARN_INFINITE_RECURSION = YES;
				CLANG_WARN_INT_CONVERSION = YES;
				CLANG_WARN_NON_LITERAL_NULL_CONVERSION = YES;
				CLANG_WARN_OBJC_IMPLICIT_RETAIN_SELF = YES;
				CLANG_WARN_OBJC_LITERAL_CONVERSION = YES;
				CLANG_WARN_OBJC_ROOT_CLASS = YES_ERROR;
				CLANG_WARN_QUOTED_INCLUDE_IN_FRAMEWORK_HEADER = YES;
				CLANG_WARN_RANGE_LOOP_ANALYSIS = YES;
				CLANG_WARN_STRICT_PROTOTYPES = YES;
				CLANG_WARN_SUSPICIOUS_MOVE = YES;
				CLANG_WARN_UNGUARDED_AVAILABILITY = YES_AGGRESSIVE;
				CLANG_WARN_UNREACHABLE_CODE = YES;
				CLANG_WARN__DUPLICATE_METHOD_MATCH = YES;
				COPY_PHASE_STRIP = NO;
				DEBUG_INFORMATION_FORMAT = "dwarf-with-dsym";
				ENABLE_NS_ASSERTIONS = NO;
				ENABLE_STRICT_OBJC_MSGSEND = YES;
				GCC_C_LANGUAGE_STANDARD = gnu11;
				GCC_NO_COMMON_BLOCKS = YES;
				GCC_WARN_64_TO_32_BIT_CONVERSION = YES;
				GCC_WARN_ABOUT_RETURN_TYPE = YES_ERROR;
				GCC_WARN_UNDECLARED_SELECTOR = YES;
				GCC_WARN_UNINITIALIZED_AUTOS = YES_AGGRESSIVE;
				GCC_WARN_UNUSED_FUNCTION = YES;
				GCC_WARN_UNUSED_VARIABLE = YES;
				IPHONEOS_DEPLOYMENT_TARGET = 16.1;
				MTL_ENABLE_DEBUG_INFO = NO;
				MTL_FAST_MATH = YES;
				SDKROOT = iphoneos;
				SWIFT_COMPILATION_MODE = wholemodule;
				SWIFT_OPTIMIZATION_LEVEL = "-O";
				VALIDATE_PRODUCT = YES;
			};
			name = Release;
		};
		215A43BC296009D1001C4C68 /* Debug */ = {
			isa = XCBuildConfiguration;
			baseConfigurationReference = C2509B64A7D6C2FE6D5DF598 /* Pods-ChatApp.debug.xcconfig */;
			buildSettings = {
				ASSETCATALOG_COMPILER_APPICON_NAME = AppIcon;
				ASSETCATALOG_COMPILER_GLOBAL_ACCENT_COLOR_NAME = AccentColor;
				CODE_SIGN_STYLE = Automatic;
				CURRENT_PROJECT_VERSION = 1;
				GENERATE_INFOPLIST_FILE = YES;
				INFOPLIST_FILE = ChatApp/Info.plist;
				INFOPLIST_KEY_UIApplicationSupportsIndirectInputEvents = YES;
				INFOPLIST_KEY_UILaunchStoryboardName = LaunchScreen;
				INFOPLIST_KEY_UIMainStoryboardFile = Main;
				INFOPLIST_KEY_UISupportedInterfaceOrientations_iPad = "UIInterfaceOrientationPortrait UIInterfaceOrientationPortraitUpsideDown UIInterfaceOrientationLandscapeLeft UIInterfaceOrientationLandscapeRight";
				INFOPLIST_KEY_UISupportedInterfaceOrientations_iPhone = "UIInterfaceOrientationPortrait UIInterfaceOrientationLandscapeLeft UIInterfaceOrientationLandscapeRight";
				LD_RUNPATH_SEARCH_PATHS = (
					"$(inherited)",
					"@executable_path/Frameworks",
				);
				MARKETING_VERSION = 1.0;
				PRODUCT_BUNDLE_IDENTIFIER = Shimadaapp.ChatApp;
				PRODUCT_NAME = "$(TARGET_NAME)";
				SWIFT_EMIT_LOC_STRINGS = YES;
				SWIFT_VERSION = 5.0;
				TARGETED_DEVICE_FAMILY = "1,2";
			};
			name = Debug;
		};
		215A43BD296009D1001C4C68 /* Release */ = {
			isa = XCBuildConfiguration;
			baseConfigurationReference = C1B5328B52ED805C6F73E96E /* Pods-ChatApp.release.xcconfig */;
			buildSettings = {
				ASSETCATALOG_COMPILER_APPICON_NAME = AppIcon;
				ASSETCATALOG_COMPILER_GLOBAL_ACCENT_COLOR_NAME = AccentColor;
				CODE_SIGN_STYLE = Automatic;
				CURRENT_PROJECT_VERSION = 1;
				GENERATE_INFOPLIST_FILE = YES;
				INFOPLIST_FILE = ChatApp/Info.plist;
				INFOPLIST_KEY_UIApplicationSupportsIndirectInputEvents = YES;
				INFOPLIST_KEY_UILaunchStoryboardName = LaunchScreen;
				INFOPLIST_KEY_UIMainStoryboardFile = Main;
				INFOPLIST_KEY_UISupportedInterfaceOrientations_iPad = "UIInterfaceOrientationPortrait UIInterfaceOrientationPortraitUpsideDown UIInterfaceOrientationLandscapeLeft UIInterfaceOrientationLandscapeRight";
				INFOPLIST_KEY_UISupportedInterfaceOrientations_iPhone = "UIInterfaceOrientationPortrait UIInterfaceOrientationLandscapeLeft UIInterfaceOrientationLandscapeRight";
				LD_RUNPATH_SEARCH_PATHS = (
					"$(inherited)",
					"@executable_path/Frameworks",
				);
				MARKETING_VERSION = 1.0;
				PRODUCT_BUNDLE_IDENTIFIER = Shimadaapp.ChatApp;
				PRODUCT_NAME = "$(TARGET_NAME)";
				SWIFT_EMIT_LOC_STRINGS = YES;
				SWIFT_VERSION = 5.0;
				TARGETED_DEVICE_FAMILY = "1,2";
			};
			name = Release;
		};
/* End XCBuildConfiguration section */

/* Begin XCConfigurationList section */
		215A43A2296009D1001C4C68 /* Build configuration list for PBXProject "ChatApp" */ = {
			isa = XCConfigurationList;
			buildConfigurations = (
				215A43B9296009D1001C4C68 /* Debug */,
				215A43BA296009D1001C4C68 /* Release */,
			);
			defaultConfigurationIsVisible = 0;
			defaultConfigurationName = Release;
		};
		215A43BB296009D1001C4C68 /* Build configuration list for PBXNativeTarget "ChatApp" */ = {
			isa = XCConfigurationList;
			buildConfigurations = (
				215A43BC296009D1001C4C68 /* Debug */,
				215A43BD296009D1001C4C68 /* Release */,
			);
			defaultConfigurationIsVisible = 0;
			defaultConfigurationName = Release;
		};
/* End XCConfigurationList section */

/* Begin XCRemoteSwiftPackageReference section */
		215A43C029601955001C4C68 /* XCRemoteSwiftPackageReference "firebase-ios-sdk" */ = {
			isa = XCRemoteSwiftPackageReference;
			repositoryURL = "https://github.com/firebase/firebase-ios-sdk";
			requirement = {
				kind = upToNextMajorVersion;
				minimumVersion = 9.0.0;
			};
		};
/* End XCRemoteSwiftPackageReference section */

/* Begin XCSwiftPackageProductDependency section */
		215A43C129601955001C4C68 /* FirebaseAuth */ = {
			isa = XCSwiftPackageProductDependency;
			package = 215A43C029601955001C4C68 /* XCRemoteSwiftPackageReference "firebase-ios-sdk" */;
			productName = FirebaseAuth;
		};
		215A43C329601955001C4C68 /* FirebaseAuthCombine-Community */ = {
			isa = XCSwiftPackageProductDependency;
			package = 215A43C029601955001C4C68 /* XCRemoteSwiftPackageReference "firebase-ios-sdk" */;
			productName = "FirebaseAuthCombine-Community";
		};
		215A43C529601955001C4C68 /* FirebaseFirestore */ = {
			isa = XCSwiftPackageProductDependency;
			package = 215A43C029601955001C4C68 /* XCRemoteSwiftPackageReference "firebase-ios-sdk" */;
			productName = FirebaseFirestore;
		};
		215A43C729601955001C4C68 /* FirebaseFirestoreCombine-Community */ = {
			isa = XCSwiftPackageProductDependency;
			package = 215A43C029601955001C4C68 /* XCRemoteSwiftPackageReference "firebase-ios-sdk" */;
			productName = "FirebaseFirestoreCombine-Community";
		};
		215A43C929601955001C4C68 /* FirebaseFirestoreSwift */ = {
			isa = XCSwiftPackageProductDependency;
			package = 215A43C029601955001C4C68 /* XCRemoteSwiftPackageReference "firebase-ios-sdk" */;
			productName = FirebaseFirestoreSwift;
		};
		215A43CB29601955001C4C68 /* FirebaseStorage */ = {
			isa = XCSwiftPackageProductDependency;
			package = 215A43C029601955001C4C68 /* XCRemoteSwiftPackageReference "firebase-ios-sdk" */;
			productName = FirebaseStorage;
		};
		215A43CD29601955001C4C68 /* FirebaseStorageCombine-Community */ = {
			isa = XCSwiftPackageProductDependency;
			package = 215A43C029601955001C4C68 /* XCRemoteSwiftPackageReference "firebase-ios-sdk" */;
			productName = "FirebaseStorageCombine-Community";
		};
/* End XCSwiftPackageProductDependency section */
	};
	rootObject = 215A439F296009D1001C4C68 /* Project object */;
}
